// !$*UTF8*$!
{
	archiveVersion = 1;
	classes = {
	};
	objectVersion = 46;
	objects = {

/* Begin PBXBuildFile section */
		3B6F8EFF1B05CBBF006C10C1 /* main.m in Sources */ = {isa = PBXBuildFile; fileRef = 3B6F8EFE1B05CBBF006C10C1 /* main.m */; };
		3B6F8F021B05CBBF006C10C1 /* AppDelegate.m in Sources */ = {isa = PBXBuildFile; fileRef = 3B6F8F011B05CBBF006C10C1 /* AppDelegate.m */; };
		3B6F8F051B05CBBF006C10C1 /* ViewController.m in Sources */ = {isa = PBXBuildFile; fileRef = 3B6F8F041B05CBBF006C10C1 /* ViewController.m */; };
		3B6F8F081B05CBBF006C10C1 /* Main.storyboard in Resources */ = {isa = PBXBuildFile; fileRef = 3B6F8F061B05CBBF006C10C1 /* Main.storyboard */; };
		3B6F8F0A1B05CBBF006C10C1 /* Images.xcassets in Resources */ = {isa = PBXBuildFile; fileRef = 3B6F8F091B05CBBF006C10C1 /* Images.xcassets */; };
		3B6F8F0D1B05CBBF006C10C1 /* LaunchScreen.xib in Resources */ = {isa = PBXBuildFile; fileRef = 3B6F8F0B1B05CBBF006C10C1 /* LaunchScreen.xib */; };
		3B6F8F191B05CBBF006C10C1 /* Delightful_Photo_LibraryTests.m in Sources */ = {isa = PBXBuildFile; fileRef = 3B6F8F181B05CBBF006C10C1 /* Delightful_Photo_LibraryTests.m */; };
		3B6F8F231B05CF80006C10C1 /* AssetsLibrary.framework in Frameworks */ = {isa = PBXBuildFile; fileRef = 3B6F8F221B05CF80006C10C1 /* AssetsLibrary.framework */; };
/* End PBXBuildFile section */

/* Begin PBXContainerItemProxy section */
		3B6F8F131B05CBBF006C10C1 /* PBXContainerItemProxy */ = {
			isa = PBXContainerItemProxy;
			containerPortal = 3B6F8EF11B05CBBF006C10C1 /* Project object */;
			proxyType = 1;
			remoteGlobalIDString = 3B6F8EF81B05CBBF006C10C1;
			remoteInfo = "Delightful Photo Library";
		};
/* End PBXContainerItemProxy section */

/* Begin PBXFileReference section */
		3B6F8EF91B05CBBF006C10C1 /* Delightful Photo Library.app */ = {isa = PBXFileReference; explicitFileType = wrapper.application; includeInIndex = 0; path = "Delightful Photo Library.app"; sourceTree = BUILT_PRODUCTS_DIR; };
		3B6F8EFD1B05CBBF006C10C1 /* Info.plist */ = {isa = PBXFileReference; lastKnownFileType = text.plist.xml; path = Info.plist; sourceTree = "<group>"; };
		3B6F8EFE1B05CBBF006C10C1 /* main.m */ = {isa = PBXFileReference; lastKnownFileType = sourcecode.c.objc; path = main.m; sourceTree = "<group>"; };
		3B6F8F001B05CBBF006C10C1 /* AppDelegate.h */ = {isa = PBXFileReference; lastKnownFileType = sourcecode.c.h; path = AppDelegate.h; sourceTree = "<group>"; };
		3B6F8F011B05CBBF006C10C1 /* AppDelegate.m */ = {isa = PBXFileReference; lastKnownFileType = sourcecode.c.objc; path = AppDelegate.m; sourceTree = "<group>"; };
		3B6F8F031B05CBBF006C10C1 /* ViewController.h */ = {isa = PBXFileReference; lastKnownFileType = sourcecode.c.h; path = ViewController.h; sourceTree = "<group>"; };
		3B6F8F041B05CBBF006C10C1 /* ViewController.m */ = {isa = PBXFileReference; lastKnownFileType = sourcecode.c.objc; path = ViewController.m; sourceTree = "<group>"; };
		3B6F8F071B05CBBF006C10C1 /* Base */ = {isa = PBXFileReference; lastKnownFileType = file.storyboard; name = Base; path = Base.lproj/Main.storyboard; sourceTree = "<group>"; };
		3B6F8F091B05CBBF006C10C1 /* Images.xcassets */ = {isa = PBXFileReference; lastKnownFileType = folder.assetcatalog; path = Images.xcassets; sourceTree = "<group>"; };
		3B6F8F0C1B05CBBF006C10C1 /* Base */ = {isa = PBXFileReference; lastKnownFileType = file.xib; name = Base; path = Base.lproj/LaunchScreen.xib; sourceTree = "<group>"; };
		3B6F8F121B05CBBF006C10C1 /* Delightful Photo LibraryTests.xctest */ = {isa = PBXFileReference; explicitFileType = wrapper.cfbundle; includeInIndex = 0; path = "Delightful Photo LibraryTests.xctest"; sourceTree = BUILT_PRODUCTS_DIR; };
		3B6F8F171B05CBBF006C10C1 /* Info.plist */ = {isa = PBXFileReference; lastKnownFileType = text.plist.xml; path = Info.plist; sourceTree = "<group>"; };
		3B6F8F181B05CBBF006C10C1 /* Delightful_Photo_LibraryTests.m */ = {isa = PBXFileReference; lastKnownFileType = sourcecode.c.objc; path = Delightful_Photo_LibraryTests.m; sourceTree = "<group>"; };
		3B6F8F221B05CF80006C10C1 /* AssetsLibrary.framework */ = {isa = PBXFileReference; lastKnownFileType = wrapper.framework; name = AssetsLibrary.framework; path = System/Library/Frameworks/AssetsLibrary.framework; sourceTree = SDKROOT; };
/* End PBXFileReference section */

/* Begin PBXFrameworksBuildPhase section */
		3B6F8EF61B05CBBF006C10C1 /* Frameworks */ = {
			isa = PBXFrameworksBuildPhase;
			buildActionMask = 2147483647;
			files = (
				3B6F8F231B05CF80006C10C1 /* AssetsLibrary.framework in Frameworks */,
			);
			runOnlyForDeploymentPostprocessing = 0;
		};
		3B6F8F0F1B05CBBF006C10C1 /* Frameworks */ = {
			isa = PBXFrameworksBuildPhase;
			buildActionMask = 2147483647;
			files = (
			);
			runOnlyForDeploymentPostprocessing = 0;
		};
/* End PBXFrameworksBuildPhase section */

/* Begin PBXGroup section */
		3B6F8EF01B05CBBF006C10C1 = {
			isa = PBXGroup;
			children = (
				3B6F8F221B05CF80006C10C1 /* AssetsLibrary.framework */,
				3B6F8EFB1B05CBBF006C10C1 /* Delightful Photo Library */,
				3B6F8F151B05CBBF006C10C1 /* Delightful Photo LibraryTests */,
				3B6F8EFA1B05CBBF006C10C1 /* Products */,
			);
			sourceTree = "<group>";
		};
		3B6F8EFA1B05CBBF006C10C1 /* Products */ = {
			isa = PBXGroup;
			children = (
				3B6F8EF91B05CBBF006C10C1 /* Delightful Photo Library.app */,
				3B6F8F121B05CBBF006C10C1 /* Delightful Photo LibraryTests.xctest */,
			);
			name = Products;
			sourceTree = "<group>";
		};
		3B6F8EFB1B05CBBF006C10C1 /* Delightful Photo Library */ = {
			isa = PBXGroup;
			children = (
				3B6F8F001B05CBBF006C10C1 /* AppDelegate.h */,
				3B6F8F011B05CBBF006C10C1 /* AppDelegate.m */,
				3B6F8F031B05CBBF006C10C1 /* ViewController.h */,
				3B6F8F041B05CBBF006C10C1 /* ViewController.m */,
				3B6F8F061B05CBBF006C10C1 /* Main.storyboard */,
				3B6F8F091B05CBBF006C10C1 /* Images.xcassets */,
				3B6F8F0B1B05CBBF006C10C1 /* LaunchScreen.xib */,
				3B6F8EFC1B05CBBF006C10C1 /* Supporting Files */,
			);
			path = "Delightful Photo Library";
			sourceTree = "<group>";
		};
		3B6F8EFC1B05CBBF006C10C1 /* Supporting Files */ = {
			isa = PBXGroup;
			children = (
				3B6F8EFD1B05CBBF006C10C1 /* Info.plist */,
				3B6F8EFE1B05CBBF006C10C1 /* main.m */,
			);
			name = "Supporting Files";
			sourceTree = "<group>";
		};
		3B6F8F151B05CBBF006C10C1 /* Delightful Photo LibraryTests */ = {
			isa = PBXGroup;
			children = (
				3B6F8F181B05CBBF006C10C1 /* Delightful_Photo_LibraryTests.m */,
				3B6F8F161B05CBBF006C10C1 /* Supporting Files */,
			);
			path = "Delightful Photo LibraryTests";
			sourceTree = "<group>";
		};
		3B6F8F161B05CBBF006C10C1 /* Supporting Files */ = {
			isa = PBXGroup;
			children = (
				3B6F8F171B05CBBF006C10C1 /* Info.plist */,
			);
			name = "Supporting Files";
			sourceTree = "<group>";
		};
/* End PBXGroup section */

/* Begin PBXNativeTarget section */
		3B6F8EF81B05CBBF006C10C1 /* Delightful Photo Library */ = {
			isa = PBXNativeTarget;
			buildConfigurationList = 3B6F8F1C1B05CBBF006C10C1 /* Build configuration list for PBXNativeTarget "Delightful Photo Library" */;
			buildPhases = (
				3B6F8EF51B05CBBF006C10C1 /* Sources */,
				3B6F8EF61B05CBBF006C10C1 /* Frameworks */,
				3B6F8EF71B05CBBF006C10C1 /* Resources */,
			);
			buildRules = (
			);
			dependencies = (
			);
			name = "Delightful Photo Library";
			productName = "Delightful Photo Library";
			productReference = 3B6F8EF91B05CBBF006C10C1 /* Delightful Photo Library.app */;
			productType = "com.apple.product-type.application";
		};
		3B6F8F111B05CBBF006C10C1 /* Delightful Photo LibraryTests */ = {
			isa = PBXNativeTarget;
			buildConfigurationList = 3B6F8F1F1B05CBBF006C10C1 /* Build configuration list for PBXNativeTarget "Delightful Photo LibraryTests" */;
			buildPhases = (
				3B6F8F0E1B05CBBF006C10C1 /* Sources */,
				3B6F8F0F1B05CBBF006C10C1 /* Frameworks */,
				3B6F8F101B05CBBF006C10C1 /* Resources */,
			);
			buildRules = (
			);
			dependencies = (
				3B6F8F141B05CBBF006C10C1 /* PBXTargetDependency */,
			);
			name = "Delightful Photo LibraryTests";
			productName = "Delightful Photo LibraryTests";
			productReference = 3B6F8F121B05CBBF006C10C1 /* Delightful Photo LibraryTests.xctest */;
			productType = "com.apple.product-type.bundle.unit-test";
		};
/* End PBXNativeTarget section */

/* Begin PBXProject section */
		3B6F8EF11B05CBBF006C10C1 /* Project object */ = {
			isa = PBXProject;
			attributes = {
				LastUpgradeCheck = 0630;
				ORGANIZATIONNAME = "Jay Ang";
				TargetAttributes = {
					3B6F8EF81B05CBBF006C10C1 = {
						CreatedOnToolsVersion = 6.3.1;
					};
					3B6F8F111B05CBBF006C10C1 = {
						CreatedOnToolsVersion = 6.3.1;
						TestTargetID = 3B6F8EF81B05CBBF006C10C1;
					};
				};
			};
			buildConfigurationList = 3B6F8EF41B05CBBF006C10C1 /* Build configuration list for PBXProject "Delightful Photo Library" */;
			compatibilityVersion = "Xcode 3.2";
			developmentRegion = English;
			hasScannedForEncodings = 0;
			knownRegions = (
				en,
				Base,
			);
			mainGroup = 3B6F8EF01B05CBBF006C10C1;
			productRefGroup = 3B6F8EFA1B05CBBF006C10C1 /* Products */;
			projectDirPath = "";
			projectRoot = "";
			targets = (
				3B6F8EF81B05CBBF006C10C1 /* Delightful Photo Library */,
				3B6F8F111B05CBBF006C10C1 /* Delightful Photo LibraryTests */,
			);
		};
/* End PBXProject section */

/* Begin PBXResourcesBuildPhase section */
		3B6F8EF71B05CBBF006C10C1 /* Resources */ = {
			isa = PBXResourcesBuildPhase;
			buildActionMask = 2147483647;
			files = (
				3B6F8F081B05CBBF006C10C1 /* Main.storyboard in Resources */,
				3B6F8F0D1B05CBBF006C10C1 /* LaunchScreen.xib in Resources */,
				3B6F8F0A1B05CBBF006C10C1 /* Images.xcassets in Resources */,
			);
			runOnlyForDeploymentPostprocessing = 0;
		};
		3B6F8F101B05CBBF006C10C1 /* Resources */ = {
			isa = PBXResourcesBuildPhase;
			buildActionMask = 2147483647;
			files = (
			);
			runOnlyForDeploymentPostprocessing = 0;
		};
/* End PBXResourcesBuildPhase section */

/* Begin PBXSourcesBuildPhase section */
		3B6F8EF51B05CBBF006C10C1 /* Sources */ = {
			isa = PBXSourcesBuildPhase;
			buildActionMask = 2147483647;
			files = (
				3B6F8F051B05CBBF006C10C1 /* ViewController.m in Sources */,
				3B6F8F021B05CBBF006C10C1 /* AppDelegate.m in Sources */,
				3B6F8EFF1B05CBBF006C10C1 /* main.m in Sources */,
			);
			runOnlyForDeploymentPostprocessing = 0;
		};
		3B6F8F0E1B05CBBF006C10C1 /* Sources */ = {
			isa = PBXSourcesBuildPhase;
			buildActionMask = 2147483647;
			files = (
				3B6F8F191B05CBBF006C10C1 /* Delightful_Photo_LibraryTests.m in Sources */,
			);
			runOnlyForDeploymentPostprocessing = 0;
		};
/* End PBXSourcesBuildPhase section */

/* Begin PBXTargetDependency section */
		3B6F8F141B05CBBF006C10C1 /* PBXTargetDependency */ = {
			isa = PBXTargetDependency;
			target = 3B6F8EF81B05CBBF006C10C1 /* Delightful Photo Library */;
			targetProxy = 3B6F8F131B05CBBF006C10C1 /* PBXContainerItemProxy */;
		};
/* End PBXTargetDependency section */

/* Begin PBXVariantGroup section */
		3B6F8F061B05CBBF006C10C1 /* Main.storyboard */ = {
			isa = PBXVariantGroup;
			children = (
				3B6F8F071B05CBBF006C10C1 /* Base */,
			);
			name = Main.storyboard;
			sourceTree = "<group>";
		};
		3B6F8F0B1B05CBBF006C10C1 /* LaunchScreen.xib */ = {
			isa = PBXVariantGroup;
			children = (
				3B6F8F0C1B05CBBF006C10C1 /* Base */,
			);
			name = LaunchScreen.xib;
			sourceTree = "<group>";
		};
/* End PBXVariantGroup section */

/* Begin XCBuildConfiguration section */
		3B6F8F1A1B05CBBF006C10C1 /* Debug */ = {
			isa = XCBuildConfiguration;
			buildSettings = {
				ALWAYS_SEARCH_USER_PATHS = NO;
				CLANG_CXX_LANGUAGE_STANDARD = "gnu++0x";
				CLANG_CXX_LIBRARY = "libc++";
				CLANG_ENABLE_MODULES = YES;
				CLANG_ENABLE_OBJC_ARC = YES;
				CLANG_WARN_BOOL_CONVERSION = YES;
				CLANG_WARN_CONSTANT_CONVERSION = YES;
				CLANG_WARN_DIRECT_OBJC_ISA_USAGE = YES_ERROR;
				CLANG_WARN_EMPTY_BODY = YES;
				CLANG_WARN_ENUM_CONVERSION = YES;
				CLANG_WARN_INT_CONVERSION = YES;
				CLANG_WARN_OBJC_ROOT_CLASS = YES_ERROR;
				CLANG_WARN_UNREACHABLE_CODE = YES;
				CLANG_WARN__DUPLICATE_METHOD_MATCH = YES;
				"CODE_SIGN_IDENTITY[sdk=iphoneos*]" = "iPhone Developer";
				COPY_PHASE_STRIP = NO;
				DEBUG_INFORMATION_FORMAT = "dwarf-with-dsym";
				ENABLE_STRICT_OBJC_MSGSEND = YES;
				GCC_C_LANGUAGE_STANDARD = gnu99;
				GCC_DYNAMIC_NO_PIC = NO;
				GCC_NO_COMMON_BLOCKS = YES;
				GCC_OPTIMIZATION_LEVEL = 0;
				GCC_PREPROCESSOR_DEFINITIONS = (
					"DEBUG=1",
					"$(inherited)",
				);
				GCC_SYMBOLS_PRIVATE_EXTERN = NO;
				GCC_WARN_64_TO_32_BIT_CONVERSION = YES;
				GCC_WARN_ABOUT_RETURN_TYPE = YES_ERROR;
				GCC_WARN_UNDECLARED_SELECTOR = YES;
				GCC_WARN_UNINITIALIZED_AUTOS = YES_AGGRESSIVE;
				GCC_WARN_UNUSED_FUNCTION = YES;
				GCC_WARN_UNUSED_VARIABLE = YES;
				IPHONEOS_DEPLOYMENT_TARGET = 8.3;
				MTL_ENABLE_DEBUG_INFO = YES;
				ONLY_ACTIVE_ARCH = YES;
				SDKROOT = iphoneos;
			};
			name = Debug;
		};
		3B6F8F1B1B05CBBF006C10C1 /* Release */ = {
			isa = XCBuildConfiguration;
			buildSettings = {
				ALWAYS_SEARCH_USER_PATHS = NO;
				CLANG_CXX_LANGUAGE_STANDARD = "gnu++0x";
				CLANG_CXX_LIBRARY = "libc++";
				CLANG_ENABLE_MODULES = YES;
				CLANG_ENABLE_OBJC_ARC = YES;
				CLANG_WARN_BOOL_CONVERSION = YES;
				CLANG_WARN_CONSTANT_CONVERSION = YES;
				CLANG_WARN_DIRECT_OBJC_ISA_USAGE = YES_ERROR;
				CLANG_WARN_EMPTY_BODY = YES;
				CLANG_WARN_ENUM_CONVERSION = YES;
				CLANG_WARN_INT_CONVERSION = YES;
				CLANG_WARN_OBJC_ROOT_CLASS = YES_ERROR;
				CLANG_WARN_UNREACHABLE_CODE = YES;
				CLANG_WARN__DUPLICATE_METHOD_MATCH = YES;
				"CODE_SIGN_IDENTITY[sdk=iphoneos*]" = "iPhone Developer";
				COPY_PHASE_STRIP = NO;
				DEBUG_INFORMATION_FORMAT = "dwarf-with-dsym";
				ENABLE_NS_ASSERTIONS = NO;
				ENABLE_STRICT_OBJC_MSGSEND = YES;
				GCC_C_LANGUAGE_STANDARD = gnu99;
				GCC_NO_COMMON_BLOCKS = YES;
				GCC_WARN_64_TO_32_BIT_CONVERSION = YES;
				GCC_WARN_ABOUT_RETURN_TYPE = YES_ERROR;
				GCC_WARN_UNDECLARED_SELECTOR = YES;
				GCC_WARN_UNINITIALIZED_AUTOS = YES_AGGRESSIVE;
				GCC_WARN_UNUSED_FUNCTION = YES;
				GCC_WARN_UNUSED_VARIABLE = YES;
				IPHONEOS_DEPLOYMENT_TARGET = 8.3;
				MTL_ENABLE_DEBUG_INFO = NO;
				SDKROOT = iphoneos;
				VALIDATE_PRODUCT = YES;
			};
			name = Release;
		};
		3B6F8F1D1B05CBBF006C10C1 /* Debug */ = {
			isa = XCBuildConfiguration;
			buildSettings = {
				ASSETCATALOG_COMPILER_APPICON_NAME = AppIcon;
				INFOPLIST_FILE = "Delightful Photo Library/Info.plist";
				LD_RUNPATH_SEARCH_PATHS = "$(inherited) @executable_path/Frameworks";
				PRODUCT_NAME = "$(TARGET_NAME)";
			};
			name = Debug;
		};
		3B6F8F1E1B05CBBF006C10C1 /* Release */ = {
			isa = XCBuildConfiguration;
			buildSettings = {
				ASSETCATALOG_COMPILER_APPICON_NAME = AppIcon;
				INFOPLIST_FILE = "Delightful Photo Library/Info.plist";
				LD_RUNPATH_SEARCH_PATHS = "$(inherited) @executable_path/Frameworks";
				PRODUCT_NAME = "$(TARGET_NAME)";
			};
			name = Release;
		};
		3B6F8F201B05CBBF006C10C1 /* Debug */ = {
			isa = XCBuildConfiguration;
			buildSettings = {
				BUNDLE_LOADER = "$(TEST_HOST)";
				FRAMEWORK_SEARCH_PATHS = (
					"$(SDKROOT)/Developer/Library/Frameworks",
					"$(inherited)",
				);
				GCC_PREPROCESSOR_DEFINITIONS = (
					"DEBUG=1",
					"$(inherited)",
				);
				INFOPLIST_FILE = "Delightful Photo LibraryTests/Info.plist";
				LD_RUNPATH_SEARCH_PATHS = "$(inherited) @executable_path/Frameworks @loader_path/Frameworks";
				PRODUCT_NAME = "$(TARGET_NAME)";
				TEST_HOST = "$(BUILT_PRODUCTS_DIR)/Delightful Photo Library.app/Delightful Photo Library";
			};
			name = Debug;
		};
		3B6F8F211B05CBBF006C10C1 /* Release */ = {
			isa = XCBuildConfiguration;
			buildSettings = {
				BUNDLE_LOADER = "$(TEST_HOST)";
				FRAMEWORK_SEARCH_PATHS = (
					"$(SDKROOT)/Developer/Library/Frameworks",
					"$(inherited)",
				);
				INFOPLIST_FILE = "Delightful Photo LibraryTests/Info.plist";
				LD_RUNPATH_SEARCH_PATHS = "$(inherited) @executable_path/Frameworks @loader_path/Frameworks";
				PRODUCT_NAME = "$(TARGET_NAME)";
				TEST_HOST = "$(BUILT_PRODUCTS_DIR)/Delightful Photo Library.app/Delightful Photo Library";
			};
			name = Release;
		};
/* End XCBuildConfiguration section */

/* Begin XCConfigurationList section */
		3B6F8EF41B05CBBF006C10C1 /* Build configuration list for PBXProject "Delightful Photo Library" */ = {
			isa = XCConfigurationList;
			buildConfigurations = (
				3B6F8F1A1B05CBBF006C10C1 /* Debug */,
				3B6F8F1B1B05CBBF006C10C1 /* Release */,
			);
			defaultConfigurationIsVisible = 0;
			defaultConfigurationName = Release;
		};
		3B6F8F1C1B05CBBF006C10C1 /* Build configuration list for PBXNativeTarget "Delightful Photo Library" */ = {
			isa = XCConfigurationList;
			buildConfigurations = (
				3B6F8F1D1B05CBBF006C10C1 /* Debug */,
				3B6F8F1E1B05CBBF006C10C1 /* Release */,
			);
			defaultConfigurationIsVisible = 0;
		};
		3B6F8F1F1B05CBBF006C10C1 /* Build configuration list for PBXNativeTarget "Delightful Photo LibraryTests" */ = {
			isa = XCConfigurationList;
			buildConfigurations = (
				3B6F8F201B05CBBF006C10C1 /* Debug */,
				3B6F8F211B05CBBF006C10C1 /* Release */,
			);
			defaultConfigurationIsVisible = 0;
		};
/* End XCConfigurationList section */
	};
	rootObject = 3B6F8EF11B05CBBF006C10C1 /* Project object */;
}
